
Microsoft Visual Studio Solution File, Format Version 12.00
# Visual Studio Version 16
VisualStudioVersion = 16.0.31727.386
MinimumVisualStudioVersion = 10.0.40219.1
Project("{FAE04EC0-301F-11D3-BF4B-00C04F79EFBC}") = "ApplicationSecurityAssignment", "ApplicationSecurityAssignment.csproj", "{AB8BDAF5-FC0B-4933-A10F-2D3F0A40243F}"
EndProject
Global
	GlobalSection(SolutionConfigurationPlatforms) = preSolution
		Debug|Any CPU = Debug|Any CPU
		Release|Any CPU = Release|Any CPU
	EndGlobalSection
	GlobalSection(ProjectConfigurationPlatforms) = postSolution
		{AB8BDAF5-FC0B-4933-A10F-2D3F0A40243F}.Debug|Any CPU.ActiveCfg = Debug|Any CPU
		{AB8BDAF5-FC0B-4933-A10F-2D3F0A40243F}.Debug|Any CPU.Build.0 = Debug|Any CPU
		{AB8BDAF5-FC0B-4933-A10F-2D3F0A40243F}.Release|Any CPU.ActiveCfg = Release|Any CPU
		{AB8BDAF5-FC0B-4933-A10F-2D3F0A40243F}.Release|Any CPU.Build.0 = Release|Any CPU
	EndGlobalSection
	GlobalSection(SolutionProperties) = preSolution
		HideSolutionNode = FALSE
	EndGlobalSection
	GlobalSection(ExtensibilityGlobals) = postSolution
		SolutionGuid = {93E63605-17BB-46E9-A84C-37F2ABD6E990}
	EndGlobalSection
EndGlobal
